github.com/davecgh/go-spew v1.1.0/go.mod h1:J7Y8YcW2NihsgmVo/mv3lAwl/skON4iLHjSsI+c5H38=
github.com/davecgh/go-spew v1.1.1 h1:vj9j/u1bqnvCEfJOwUhtlOARqs3+rkHYY13jYWTU97c=
github.com/davecgh/go-spew v1.1.1/go.mod h1:J7Y8YcW2NihsgmVo/mv3lAwl/skON4iLHjSsI+c5H38=
github.com/google/go-cmp v0.5.4 h1:L8R9j+yAqZuZjsqh/z+F1NCffTKKLShY6zXTItVIZ8M=
github.com/google/go-cmp v0.5.4/go.mod h1:v8dTdLbMG2kIc/vJvl+f65V22dbkXbowE6jgT/gNBxE=
github.com/kr/pretty v0.1.0 h1:L/CwN0zerZDmRFUapSPitk6f+Q3+0za1rQkzVuMiMFI=
github.com/kr/pretty v0.1.0/go.mod h1:dAy3ld7l9f0ibDNOQOHHMYYIIbhfbHSm3C4ZsoJORNo=
github.com/kr/pty v1.1.1/go.mod h1:pFQYn66WHrOpPYNljwOMqo10TkYh1fy3cYio2l3bCsQ=
github.com/kr/text v0.1.0 h1:45sCR5RtlFHMR4UwH9sdQ5TC8v0qDQCHnXt+kaKSTVE=
github.com/kr/text v0.1.0/go.mod h1:4Jbv+DJW3UT/LiOwJeYQe1efqtUx/iVham/4vfdArNI=
github.com/pmezard/go-difflib v1.0.0 h1:4DBwDE0NGyQoBHbLQYPwSUPoCMWR5BEzIk/f1lZbAQM=
github.com/pmezard/go-difflib v1.0.0/go.mod h1:iKH77koFhYxTK1pcRnkKkqfTogsbg7gZNVY4sRDYZ/4=
github.com/queensaver/bbox/server v0.0.0-20210910073221-4408ce17adb3 h1:/N28bRAxT6wZi+//25RMnayuj2Zo4OTkKR1iIcNabXU=
github.com/queensaver/bbox/server v0.0.0-20210910073221-4408ce17adb3/go.mod h1:R78llwDUR/BfLzYhgnRf6YCE1D/D/J620CRhm0HGhew=
github.com/queensaver/packages/buffer v0.0.0-20210509184847-d38bdf51b92b/go.mod h1:4VFoVFNjRJ8mxwW3T6xuFPGdqwzhej/kTAA7EkixZI0=
github.com/queensaver/packages/config v0.0.0-20210811104314-ea61975ded70/go.mod h1:sGtlRPJOuYNiUMfxKNPf6e46PHYY3MeYvs7ObdeCWYQ=
github.com/queensaver/packages/logger v0.0.0-20210503095333-20340d0e3fd2/go.mod h1:eBuxpW2zStcCGQeMX+v7+hylbsgGFE1FAsr7BChhkdE=
github.com/queensaver/packages/logger v0.0.0-20210811104314-ea61975ded70 h1:hfHduoptSCWTOx1IVLxDuU3jRtDFHjaAVCxp+45h2do=
github.com/queensaver/packages/logger v0.0.0-20210811104314-ea61975ded70/go.mod h1:eBuxpW2zStcCGQeMX+v7+hylbsgGFE1FAsr7BChhkdE=
github.com/queensaver/packages/scale v0.0.0-20210613181441-8b40e1944e05/go.mod h1:fdE/GV62B9kodox5RlhN5dGjUiZb3H1lEKpT6Oi45QM=
github.com/queensaver/packages/scale v0.0.0-20210811104314-ea61975ded70 h1:ca101XkML6YRN7h7BKZRTpH9Da7AuB457fUwqQJYxUc=
github.com/queensaver/packages/scale v0.0.0-20210811104314-ea61975ded70/go.mod h1:fdE/GV62B9kodox5RlhN5dGjUiZb3H1lEKpT6Oi45QM=
github.com/queensaver/packages/temperature v0.0.0-20210503095333-20340d0e3fd2/go.mod h1:MP5i3NL9Qn3RRITZvbtnfxr4fz2MV7/6JxDv03QsROM=
github.com/queensaver/packages/temperature v0.0.0-20210811104314-ea61975ded70 h1:YO0Tj8er52/nG3N5pKqemTtfgixYxdyQdN2ZpXRJKjE=
github.com/queensaver/packages/temperature v0.0.0-20210811104314-ea61975ded70/go.mod h1:MP5i3NL9Qn3RRITZvbtnfxr4fz2MV7/6JxDv03QsROM=
github.com/robfig/cron/v3 v3.0.1 h1:WdRxkvbJztn8LMz/QEvLN5sBU+xKpSqwwUO1Pjr4qDs=
github.com/robfig/cron/v3 v3.0.1/go.mod h1:eQICP3HwyT7UooqI/z+Ov+PtYAWygg1TEWWzGIFLtro=
github.com/sirupsen/logrus v1.7.0 h1:ShrD1U9pZB12TX0cVy0DtePoCH97K8EtX+mg7ZARUtM=
github.com/sirupsen/logrus v1.7.0/go.mod h1:yWOB1SBYBC5VeMP7gHvWumXLIWorT60ONWic61uBYv0=
github.com/stianeikeland/go-rpio/v4 v4.4.0 h1:LScvNyXHF412co42LG5t7bvBDbtDAhLF828ebaGqmjA=
github.com/stianeikeland/go-rpio/v4 v4.4.0/go.mod h1:BkK52zk+FRk8wCTDf88/86Sojc+NfUiCAHd1ZV3RuTM=
github.com/stretchr/objx v0.1.0/go.mod h1:HFkY916IF+rwdDfMAkV7OtwuqBVzrE8GR6GFx+wExME=
github.com/stretchr/testify v1.2.2/go.mod h1:a8OnRcib4nhh0OaRAV+Yts87kKdq0PP7pXfy6kDkUVs=
github.com/stretchr/testify v1.5.1 h1:nOGnQDM7FYENwehXlg/kFVnos3rEvtKTjRvOWSzb6H4=
github.com/stretchr/testify v1.5.1/go.mod h1:5W2xD1RspED5o8YsWQXVCued0rvSQ+mT+I5cxcmMvtA=
golang.org/x/sys v0.0.0-20191026070338-33540a1f6037/go.mod h1:h1NjWce9XRLGQEsW7wpKNCjG9DtNlClVuFLEZdDNbEs=
golang.org/x/sys v0.0.0-20200615200032-f1bc736245b1 h1:ogLJMz+qpzav7lGMh10LMvAkM/fAoGlaiiHYiFYdm80=
golang.org/x/sys v0.0.0-20200615200032-f1bc736245b1/go.mod h1:h1NjWce9XRLGQEsW7wpKNCjG9DtNlClVuFLEZdDNbEs=
golang.org/x/xerrors v0.0.0-20191204190536-9bdfabe68543 h1:E7g+9GITq07hpfrRu66IVDexMakfv52eLZ2CXBWiKr4=
golang.org/x/xerrors v0.0.0-20191204190536-9bdfabe68543/go.mod h1:I/5z698sn9Ka8TeJc9MKroUUfqBBauWjQqLJ2OPfmY0=
gopkg.in/check.v1 v0.0.0-20161208181325-20d25e280405/go.mod h1:Co6ibVJAznAaIkqp8huTwlJQCZ016jof/cbN4VW5Yz0=
gopkg.in/check.v1 v1.0.0-20190902080502-41f04d3bba15 h1:YR8cESwS4TdDjEe65xsg0ogRM/Nc3DYOhEAlW+xobZo=
gopkg.in/check.v1 v1.0.0-20190902080502-41f04d3bba15/go.mod h1:Co6ibVJAznAaIkqp8huTwlJQCZ016jof/cbN4VW5Yz0=
gopkg.in/yaml.v2 v2.2.2/go.mod h1:hI93XBmqTisBFMUTm0b8Fm+jr3Dg1NNxqwp+5A1VGuI=
gopkg.in/yaml.v2 v2.2.5 h1:ymVxjfMaHvXD8RqPRmzHHsB3VvucivSkIAvJFDI5O3c=
gopkg.in/yaml.v2 v2.2.5/go.mod h1:hI93XBmqTisBFMUTm0b8Fm+jr3Dg1NNxqwp+5A1VGuI=
periph.io/x/conn/v3 v3.6.8 h1:fnNSwSoKPzpoLOSxml70EInaP6YrrqcucP3KDfNxpmU=
periph.io/x/conn/v3 v3.6.8/go.mod h1:3OD27w9YVa5DS97VsUxsPGzD9Qrm5Ny7cF5b6xMMIWg=
periph.io/x/d2xx v0.0.1 h1:7iCO/aVK6k9GSZ45DcpMU8sOOcVLCqO/cheSm7nMUG0=
periph.io/x/d2xx v0.0.1/go.mod h1:38Euaaj+s6l0faIRHh32a+PrjXvxFTFkPBEQI0TKg34=
periph.io/x/host/v3 v3.7.0 h1:9CP/j0FcJmR+PRHlNzAmhV6Mt3GXoWnPmRhknJlQhnE=
periph.io/x/host/v3 v3.7.0/go.mod h1:okb5m0yUYLTM/dnMYWMBX47w4owTzyCPLpZUQb35nhs=
