github.com/davecgh/go-spew v1.1.1/go.mod h1:J7Y8YcW2NihsgmVo/mv3lAwl/skON4iLHjSsI+c5H38=
github.com/google/go-cmp v0.5.4 h1:L8R9j+yAqZuZjsqh/z+F1NCffTKKLShY6zXTItVIZ8M=
github.com/google/go-cmp v0.5.4/go.mod h1:v8dTdLbMG2kIc/vJvl+f65V22dbkXbowE6jgT/gNBxE=
github.com/pmezard/go-difflib v1.0.0/go.mod h1:iKH77koFhYxTK1pcRnkKkqfTogsbg7gZNVY4sRDYZ/4=
github.com/sirupsen/logrus v1.7.0 h1:ShrD1U9pZB12TX0cVy0DtePoCH97K8EtX+mg7ZARUtM=
github.com/sirupsen/logrus v1.7.0/go.mod h1:yWOB1SBYBC5VeMP7gHvWumXLIWorT60ONWic61uBYv0=
github.com/stretchr/testify v1.2.2/go.mod h1:a8OnRcib4nhh0OaRAV+Yts87kKdq0PP7pXfy6kDkUVs=
github.com/wogri/bbox v0.0.0-20201026063730-dc6cb4d7f5fb h1:NLBt4w+tepPDHoH7palyls0ktZqZXElXdoEGFgpjlro=
github.com/wogri/bbox/packages/logger v0.0.0-20201025190320-6a32eb947b50 h1:cCGUqclG2xKmBDNi659XfXzNYx/vshJEzIKkh+0Gh18=
github.com/wogri/bbox/packages/logger v0.0.0-20201025190320-6a32eb947b50/go.mod h1:ChbjUyUndj5SoKpnHRtLl9C6+n06ahymb1+71akQM7o=
github.com/wogri/bbox/packages/logger v0.0.0-20201025190645-33269c33fda1 h1:tkqo8Vgl17x1rOqjtoxTR3MK74LifglHCd/GeNhzeyI=
github.com/wogri/bbox/packages/logger v0.0.0-20201025190645-33269c33fda1/go.mod h1:ChbjUyUndj5SoKpnHRtLl9C6+n06ahymb1+71akQM7o=
github.com/wogri/bbox/packages/logger v0.0.0-20201026063730-dc6cb4d7f5fb h1:ra5oiHjdrrEyCYkZdTLYbNE3ase4cLEmN/EvfHeJtmk=
github.com/wogri/bbox/packages/logger v0.0.0-20201026063730-dc6cb4d7f5fb/go.mod h1:ChbjUyUndj5SoKpnHRtLl9C6+n06ahymb1+71akQM7o=
github.com/wogri/bbox/packages/logger v0.0.0-20201027183757-38c123b4a47e h1:tos82ZFMDpI8N9DsPWIy9LqsS5kPxRRJynNPFWxojqE=
github.com/wogri/bbox/packages/logger v0.0.0-20201027183757-38c123b4a47e/go.mod h1:ChbjUyUndj5SoKpnHRtLl9C6+n06ahymb1+71akQM7o=
github.com/wogri/bbox/packages/logger v0.0.0-20201027195929-917afaca674d h1:OuM4mPVCeclCpTCe4U1WqTKrD0X9SXpMDOIFVFFBA9I=
github.com/wogri/bbox/packages/logger v0.0.0-20201027195929-917afaca674d/go.mod h1:ChbjUyUndj5SoKpnHRtLl9C6+n06ahymb1+71akQM7o=
github.com/wogri/bbox/packages/logger v0.0.0-20201027200117-31bd7f5fdf62 h1:OACK8csj26prLLTs7j8oZf1rkicU4Cm4TUBqBAG10sI=
github.com/wogri/bbox/packages/logger v0.0.0-20201027200117-31bd7f5fdf62/go.mod h1:ChbjUyUndj5SoKpnHRtLl9C6+n06ahymb1+71akQM7o=
github.com/wogri/bbox/packages/scale v0.0.0-20201025190320-6a32eb947b50 h1:8z7a1I9ZUdOsPkUa5FKNJVesTWctZ5IEZ/5/AASBg90=
github.com/wogri/bbox/packages/scale v0.0.0-20201025190320-6a32eb947b50/go.mod h1:BoJNdP3GSQN21BlztW362Ot6ngctP5CobE0+0QD3Yho=
github.com/wogri/bbox/packages/scale v0.0.0-20210406194356-491f30c69a78 h1:+ZSsRJqbxpWbBFRd/CuLuw5rDAUZoxwtVX0Bt4QUxus=
github.com/wogri/bbox/packages/scale v0.0.0-20210406194356-491f30c69a78/go.mod h1:BoJNdP3GSQN21BlztW362Ot6ngctP5CobE0+0QD3Yho=
github.com/wogri/bbox/packages/temperature v0.0.0-20201025190320-6a32eb947b50 h1:zlogfTOsstAH7HCVAkEk+5TohSZznZNfom8tPofDC+o=
github.com/wogri/bbox/packages/temperature v0.0.0-20201025190320-6a32eb947b50/go.mod h1:wEmpLQ7jsaVt5GIQD/mJLPeJBlyOPS3fY6syExBcZs4=
github.com/wogri/bbox/packages/temperature v0.0.0-20210406194356-491f30c69a78 h1:OghTX7m7A7lvF+1eEYKGuY4AAka0N3VRd4AOPThSRp4=
github.com/wogri/bbox/packages/temperature v0.0.0-20210406194356-491f30c69a78/go.mod h1:wEmpLQ7jsaVt5GIQD/mJLPeJBlyOPS3fY6syExBcZs4=
github.com/wogri/bbox/structs/scale v0.0.0-20200822185204-898e12cd2b1a h1:ssucTT20VC8w2edfGgPR6nWUHe2t7ktA7qxNhvS0+Oc=
github.com/wogri/bbox/structs/scale v0.0.0-20200822185204-898e12cd2b1a/go.mod h1:8kaHOmBRBlAA+DhVEAbbxjgAZRtzxr2/Au6aS8wQW9E=
github.com/wogri/bbox/structs/temperature v0.0.0-20200822185204-898e12cd2b1a h1:nAELMvTlxLwveJ4eaX6Rx9AWEUVisugYU2f5KTMCTM4=
github.com/wogri/bbox/structs/temperature v0.0.0-20200822185204-898e12cd2b1a/go.mod h1:AAiSxNer8lo3U/0wLg4hOYOv28p/y0nHcTWIqVIc0vg=
golang.org/x/sys v0.0.0-20191026070338-33540a1f6037 h1:YyJpGZS1sBuBCzLAR1VEpK193GlqGZbnPFnPV/5Rsb4=
golang.org/x/sys v0.0.0-20191026070338-33540a1f6037/go.mod h1:h1NjWce9XRLGQEsW7wpKNCjG9DtNlClVuFLEZdDNbEs=
golang.org/x/xerrors v0.0.0-20191204190536-9bdfabe68543/go.mod h1:I/5z698sn9Ka8TeJc9MKroUUfqBBauWjQqLJ2OPfmY0=
